
Microsoft Visual Studio Solution File, Format Version 12.00
# Visual Studio Version 17
VisualStudioVersion = 17.0.31903.59
MinimumVisualStudioVersion = 10.0.40219.1
Project("{9A19103F-16F7-4668-BE54-9A1E7A4F7556}") = "PetFamily.API", "src\PetFamily.API\PetFamily.API.csproj", "{B38DAC75-14E6-4DE9-B602-CC6AE475B8A3}"
EndProject
Project("{9A19103F-16F7-4668-BE54-9A1E7A4F7556}") = "PetFamily.Domain", "src\PetFamily.Domain\PetFamily.Domain.csproj", "{EF365F85-97C3-4AF4-8B54-244ECED7C003}"
EndProject
Project("{9A19103F-16F7-4668-BE54-9A1E7A4F7556}") = "PetFamily.Application", "src\PetFamily.Application\PetFamily.Application.csproj", "{CE528488-0A69-4D09-A252-327475C68A50}"
EndProject
Project("{9A19103F-16F7-4668-BE54-9A1E7A4F7556}") = "PetFamily.Infrastructure", "src\PetFamily.Infrastructure\PetFamily.Infrastructure.csproj", "{D4F5CFCC-469C-4392-9E44-15C6C2B2F491}"
EndProject
Project("{E53339B2-1760-4266-BCC7-CA923CBCF16C}") = "docker-compose", "docker-compose.dcproj", "{702F039D-3E4B-42F5-BF14-EC823523771D}"
EndProject
Project("{2150E333-8FDC-42A3-9474-1A3956D46DE8}") = "src", "src", "{FFD624E7-61D1-42DF-8AAA-BDCB5369615E}"
EndProject
Project("{9A19103F-16F7-4668-BE54-9A1E7A4F7556}") = "PetFamily.Domain.UnitTests", "src\PetFamily.Tests\PetFamily.Domain.UnitTests.csproj", "{392395AB-D562-45B8-8E25-398953B69F1D}"
EndProject
Project("{9A19103F-16F7-4668-BE54-9A1E7A4F7556}") = "PetFamily.Application.UnitTests", "src\PetFamily.Application.UnitTests\PetFamily.Application.UnitTests.csproj", "{60D9BE3F-71FE-430A-BA3D-9F69D533D77C}"
EndProject
Project("{FAE04EC0-301F-11D3-BF4B-00C04F79EFBC}") = "PetFamily.Application.IntegrationTests", "..\PetFamily.Application.Tests\PetFamily.Application.IntegrationTests.csproj", "{5658D2EF-872F-4428-BAE6-2CC7FC787B92}"
EndProject
Global
	GlobalSection(SolutionConfigurationPlatforms) = preSolution
		Debug|Any CPU = Debug|Any CPU
		Release|Any CPU = Release|Any CPU
	EndGlobalSection
	GlobalSection(ProjectConfigurationPlatforms) = postSolution
		{B38DAC75-14E6-4DE9-B602-CC6AE475B8A3}.Debug|Any CPU.ActiveCfg = Debug|Any CPU
		{B38DAC75-14E6-4DE9-B602-CC6AE475B8A3}.Debug|Any CPU.Build.0 = Debug|Any CPU
		{B38DAC75-14E6-4DE9-B602-CC6AE475B8A3}.Release|Any CPU.ActiveCfg = Release|Any CPU
		{B38DAC75-14E6-4DE9-B602-CC6AE475B8A3}.Release|Any CPU.Build.0 = Release|Any CPU
		{EF365F85-97C3-4AF4-8B54-244ECED7C003}.Debug|Any CPU.ActiveCfg = Debug|Any CPU
		{EF365F85-97C3-4AF4-8B54-244ECED7C003}.Debug|Any CPU.Build.0 = Debug|Any CPU
		{EF365F85-97C3-4AF4-8B54-244ECED7C003}.Release|Any CPU.ActiveCfg = Release|Any CPU
		{EF365F85-97C3-4AF4-8B54-244ECED7C003}.Release|Any CPU.Build.0 = Release|Any CPU
		{CE528488-0A69-4D09-A252-327475C68A50}.Debug|Any CPU.ActiveCfg = Debug|Any CPU
		{CE528488-0A69-4D09-A252-327475C68A50}.Debug|Any CPU.Build.0 = Debug|Any CPU
		{CE528488-0A69-4D09-A252-327475C68A50}.Release|Any CPU.ActiveCfg = Release|Any CPU
		{CE528488-0A69-4D09-A252-327475C68A50}.Release|Any CPU.Build.0 = Release|Any CPU
		{D4F5CFCC-469C-4392-9E44-15C6C2B2F491}.Debug|Any CPU.ActiveCfg = Debug|Any CPU
		{D4F5CFCC-469C-4392-9E44-15C6C2B2F491}.Debug|Any CPU.Build.0 = Debug|Any CPU
		{D4F5CFCC-469C-4392-9E44-15C6C2B2F491}.Release|Any CPU.ActiveCfg = Release|Any CPU
		{D4F5CFCC-469C-4392-9E44-15C6C2B2F491}.Release|Any CPU.Build.0 = Release|Any CPU
		{702F039D-3E4B-42F5-BF14-EC823523771D}.Debug|Any CPU.ActiveCfg = Debug|Any CPU
		{702F039D-3E4B-42F5-BF14-EC823523771D}.Debug|Any CPU.Build.0 = Debug|Any CPU
		{702F039D-3E4B-42F5-BF14-EC823523771D}.Release|Any CPU.ActiveCfg = Release|Any CPU
		{702F039D-3E4B-42F5-BF14-EC823523771D}.Release|Any CPU.Build.0 = Release|Any CPU
		{392395AB-D562-45B8-8E25-398953B69F1D}.Debug|Any CPU.ActiveCfg = Debug|Any CPU
		{392395AB-D562-45B8-8E25-398953B69F1D}.Debug|Any CPU.Build.0 = Debug|Any CPU
		{392395AB-D562-45B8-8E25-398953B69F1D}.Release|Any CPU.ActiveCfg = Release|Any CPU
		{392395AB-D562-45B8-8E25-398953B69F1D}.Release|Any CPU.Build.0 = Release|Any CPU
		{60D9BE3F-71FE-430A-BA3D-9F69D533D77C}.Debug|Any CPU.ActiveCfg = Debug|Any CPU
		{60D9BE3F-71FE-430A-BA3D-9F69D533D77C}.Debug|Any CPU.Build.0 = Debug|Any CPU
		{60D9BE3F-71FE-430A-BA3D-9F69D533D77C}.Release|Any CPU.ActiveCfg = Release|Any CPU
		{60D9BE3F-71FE-430A-BA3D-9F69D533D77C}.Release|Any CPU.Build.0 = Release|Any CPU
		{5658D2EF-872F-4428-BAE6-2CC7FC787B92}.Debug|Any CPU.ActiveCfg = Debug|Any CPU
		{5658D2EF-872F-4428-BAE6-2CC7FC787B92}.Debug|Any CPU.Build.0 = Debug|Any CPU
		{5658D2EF-872F-4428-BAE6-2CC7FC787B92}.Release|Any CPU.ActiveCfg = Release|Any CPU
		{5658D2EF-872F-4428-BAE6-2CC7FC787B92}.Release|Any CPU.Build.0 = Release|Any CPU
	EndGlobalSection
	GlobalSection(SolutionProperties) = preSolution
		HideSolutionNode = FALSE
	EndGlobalSection
	GlobalSection(NestedProjects) = preSolution
		{B38DAC75-14E6-4DE9-B602-CC6AE475B8A3} = {FFD624E7-61D1-42DF-8AAA-BDCB5369615E}
		{EF365F85-97C3-4AF4-8B54-244ECED7C003} = {FFD624E7-61D1-42DF-8AAA-BDCB5369615E}
		{CE528488-0A69-4D09-A252-327475C68A50} = {FFD624E7-61D1-42DF-8AAA-BDCB5369615E}
		{D4F5CFCC-469C-4392-9E44-15C6C2B2F491} = {FFD624E7-61D1-42DF-8AAA-BDCB5369615E}
		{392395AB-D562-45B8-8E25-398953B69F1D} = {FFD624E7-61D1-42DF-8AAA-BDCB5369615E}
		{60D9BE3F-71FE-430A-BA3D-9F69D533D77C} = {FFD624E7-61D1-42DF-8AAA-BDCB5369615E}
		{5658D2EF-872F-4428-BAE6-2CC7FC787B92} = {FFD624E7-61D1-42DF-8AAA-BDCB5369615E}
	EndGlobalSection
	GlobalSection(ExtensibilityGlobals) = postSolution
		SolutionGuid = {7EC48625-8EF5-4E13-8A0E-A3C0C22AE9A3}
	EndGlobalSection
EndGlobal
