
Microsoft Visual Studio Solution File, Format Version 12.00
# Visual Studio Version 17
VisualStudioVersion = 17.0.31903.59
MinimumVisualStudioVersion = 10.0.40219.1
Project("{9A19103F-16F7-4668-BE54-9A1E7A4F7556}") = "PetFamily.API", "src\PetFamily.API\PetFamily.API.csproj", "{B38DAC75-14E6-4DE9-B602-CC6AE475B8A3}"
EndProject
Project("{E53339B2-1760-4266-BCC7-CA923CBCF16C}") = "docker-compose", "docker-compose.dcproj", "{702F039D-3E4B-42F5-BF14-EC823523771D}"
EndProject
Project("{2150E333-8FDC-42A3-9474-1A3956D46DE8}") = "src", "src", "{FFD624E7-61D1-42DF-8AAA-BDCB5369615E}"
EndProject
Project("{2150E333-8FDC-42A3-9474-1A3956D46DE8}") = "PetsManagement", "PetsManagement", "{1D1B9C0A-732C-4957-B6AB-6BE62EA5AA52}"
EndProject
Project("{9A19103F-16F7-4668-BE54-9A1E7A4F7556}") = "PetFamily.PetsManagement.Infrastructure", "src\PetsManagement\PetFamily.PetsManagement.Infrastructure\PetFamily.PetsManagement.Infrastructure.csproj", "{751009E6-9C61-4835-8A89-5F134588126B}"
EndProject
Project("{9A19103F-16F7-4668-BE54-9A1E7A4F7556}") = "PetFamily.PetsManagement.Application", "src\PetsManagement\PetFamily.PetsManagement.Application\PetFamily.PetsManagement.Application.csproj", "{2C8E0763-4B2C-4F3C-AAD9-7656AA3DF72D}"
EndProject
Project("{9A19103F-16F7-4668-BE54-9A1E7A4F7556}") = "PetFamily.PetsManagement.Domain", "src\PetsManagement\PetFamily.PetsManagement.Domain\PetFamily.PetsManagement.Domain.csproj", "{64CAB7CF-6A7A-43CD-8436-274D85CE1217}"
EndProject
Project("{2150E333-8FDC-42A3-9474-1A3956D46DE8}") = "SpeciesManagement", "SpeciesManagement", "{31B8B63E-DFF8-40AF-A813-B72A40940246}"
EndProject
Project("{9A19103F-16F7-4668-BE54-9A1E7A4F7556}") = "PetFamily.SpeciesManagement.Application", "src\SpeciesManagement\PetFamily.SpeciesManagement.Application\PetFamily.SpeciesManagement.Application.csproj", "{BA6F61F3-03F5-4076-B8DE-7DF28FA93332}"
EndProject
Project("{9A19103F-16F7-4668-BE54-9A1E7A4F7556}") = "PetFamily.SpeciesManagement.Domain", "src\SpeciesManagement\PetFamily.SpeciesManagement.Domain\PetFamily.SpeciesManagement.Domain.csproj", "{E5A903CF-9CD2-462B-8858-DD9A1ADACFF8}"
EndProject
Project("{9A19103F-16F7-4668-BE54-9A1E7A4F7556}") = "PetFamily.SpeciesManagement.Infrastructure", "src\SpeciesManagement\PetFamily.SpeciesManagement.Infrastructure\PetFamily.SpeciesManagement.Infrastructure.csproj", "{F69BD0A4-492F-46A3-9E5A-4586FB6FBF3C}"
EndProject
Project("{2150E333-8FDC-42A3-9474-1A3956D46DE8}") = "Shared", "Shared", "{CDD51469-A1AB-4190-805F-EF9DCE365F8D}"
EndProject
Project("{9A19103F-16F7-4668-BE54-9A1E7A4F7556}") = "PetFamily.Shared.Core", "src\Shared\PetFamily.Shared.Core\PetFamily.Shared.Core.csproj", "{AD04FFCB-E812-429E-823C-53B74270AD28}"
EndProject
Project("{9A19103F-16F7-4668-BE54-9A1E7A4F7556}") = "PetFamily.Web", "src\PetFamily.Web\PetFamily.Web.csproj", "{314DEC0D-7185-4DEF-87F7-5FF44F4E6203}"
EndProject
Project("{2150E333-8FDC-42A3-9474-1A3956D46DE8}") = "tests", "tests", "{17D9E953-3608-4303-A5AF-407830FCB1FB}"
EndProject
Project("{9A19103F-16F7-4668-BE54-9A1E7A4F7556}") = "PetFamily.Domain.UnitTests", "tests\PetFamily.Domain.UnitTests\PetFamily.Domain.UnitTests.csproj", "{392395AB-D562-45B8-8E25-398953B69F1D}"
EndProject
Project("{9A19103F-16F7-4668-BE54-9A1E7A4F7556}") = "PetFamily.Application.UnitTests", "tests\PetFamily.Application.UnitTests\PetFamily.Application.UnitTests.csproj", "{60D9BE3F-71FE-430A-BA3D-9F69D533D77C}"
EndProject
Project("{9A19103F-16F7-4668-BE54-9A1E7A4F7556}") = "PetFamily.Application.IntegrationTests", "tests\PetFamily.Application.IntegrationTests\PetFamily.Application.IntegrationTests.csproj", "{5658D2EF-872F-4428-BAE6-2CC7FC787B92}"
EndProject
Project("{FAE04EC0-301F-11D3-BF4B-00C04F79EFBC}") = "PetFamily.Shared.Kernel", "src\Shared\PetFamily.Shared.Kernel\PetFamily.Shared.Kernel.csproj", "{FC4E69F8-F36D-4BAE-9D71-00D3295CE512}"
EndProject
Project("{FAE04EC0-301F-11D3-BF4B-00C04F79EFBC}") = "PetFamily.Shared.Framework", "src\Shared\PetFamily.Shared.Framework\PetFamily.Shared.Framework.csproj", "{DBBEABCF-9575-491E-B44F-ADA9B187488E}"
EndProject
Project("{2150E333-8FDC-42A3-9474-1A3956D46DE8}") = "Files", "Files", "{A22A8190-18F7-4E62-B118-5CDC3AD477D5}"
EndProject
Project("{FAE04EC0-301F-11D3-BF4B-00C04F79EFBC}") = "PetFamily.Files.Contracts", "src\Files\PetFamily.Files.Contracts\PetFamily.Files.Contracts.csproj", "{83A79D46-D119-409B-9E62-15C6EE71575D}"
EndProject
Project("{FAE04EC0-301F-11D3-BF4B-00C04F79EFBC}") = "PetFamily.Files.Application", "src\Files\PetFamily.Files.Application\PetFamily.Files.Application.csproj", "{9EFC0E98-DC7B-4802-AE35-E2C2CBABC001}"
EndProject
Project("{FAE04EC0-301F-11D3-BF4B-00C04F79EFBC}") = "PetFamily.Files.Infrastructure", "src\Files\PetFamily.Files.Infrastructure\PetFamily.Files.Infrastructure.csproj", "{C60E8C1E-7386-4048-8D91-CC1423E5B46A}"
EndProject
Project("{FAE04EC0-301F-11D3-BF4B-00C04F79EFBC}") = "PetFamily.Files.Presentation", "src\Files\PetFamily.Files.Presentation\PetFamily.Files.Presentation.csproj", "{5D58A875-2F39-4D1D-A43A-48AACF337F01}"
EndProject
Global
	GlobalSection(SolutionConfigurationPlatforms) = preSolution
		Debug|Any CPU = Debug|Any CPU
		Release|Any CPU = Release|Any CPU
	EndGlobalSection
	GlobalSection(ProjectConfigurationPlatforms) = postSolution
		{B38DAC75-14E6-4DE9-B602-CC6AE475B8A3}.Debug|Any CPU.ActiveCfg = Debug|Any CPU
		{B38DAC75-14E6-4DE9-B602-CC6AE475B8A3}.Debug|Any CPU.Build.0 = Debug|Any CPU
		{B38DAC75-14E6-4DE9-B602-CC6AE475B8A3}.Release|Any CPU.ActiveCfg = Release|Any CPU
		{B38DAC75-14E6-4DE9-B602-CC6AE475B8A3}.Release|Any CPU.Build.0 = Release|Any CPU
		{702F039D-3E4B-42F5-BF14-EC823523771D}.Debug|Any CPU.ActiveCfg = Debug|Any CPU
		{702F039D-3E4B-42F5-BF14-EC823523771D}.Debug|Any CPU.Build.0 = Debug|Any CPU
		{702F039D-3E4B-42F5-BF14-EC823523771D}.Release|Any CPU.ActiveCfg = Release|Any CPU
		{702F039D-3E4B-42F5-BF14-EC823523771D}.Release|Any CPU.Build.0 = Release|Any CPU
		{751009E6-9C61-4835-8A89-5F134588126B}.Debug|Any CPU.ActiveCfg = Debug|Any CPU
		{751009E6-9C61-4835-8A89-5F134588126B}.Debug|Any CPU.Build.0 = Debug|Any CPU
		{751009E6-9C61-4835-8A89-5F134588126B}.Release|Any CPU.ActiveCfg = Release|Any CPU
		{751009E6-9C61-4835-8A89-5F134588126B}.Release|Any CPU.Build.0 = Release|Any CPU
		{2C8E0763-4B2C-4F3C-AAD9-7656AA3DF72D}.Debug|Any CPU.ActiveCfg = Debug|Any CPU
		{2C8E0763-4B2C-4F3C-AAD9-7656AA3DF72D}.Debug|Any CPU.Build.0 = Debug|Any CPU
		{2C8E0763-4B2C-4F3C-AAD9-7656AA3DF72D}.Release|Any CPU.ActiveCfg = Release|Any CPU
		{2C8E0763-4B2C-4F3C-AAD9-7656AA3DF72D}.Release|Any CPU.Build.0 = Release|Any CPU
		{64CAB7CF-6A7A-43CD-8436-274D85CE1217}.Debug|Any CPU.ActiveCfg = Debug|Any CPU
		{64CAB7CF-6A7A-43CD-8436-274D85CE1217}.Debug|Any CPU.Build.0 = Debug|Any CPU
		{64CAB7CF-6A7A-43CD-8436-274D85CE1217}.Release|Any CPU.ActiveCfg = Release|Any CPU
		{64CAB7CF-6A7A-43CD-8436-274D85CE1217}.Release|Any CPU.Build.0 = Release|Any CPU
		{BA6F61F3-03F5-4076-B8DE-7DF28FA93332}.Debug|Any CPU.ActiveCfg = Debug|Any CPU
		{BA6F61F3-03F5-4076-B8DE-7DF28FA93332}.Debug|Any CPU.Build.0 = Debug|Any CPU
		{BA6F61F3-03F5-4076-B8DE-7DF28FA93332}.Release|Any CPU.ActiveCfg = Release|Any CPU
		{BA6F61F3-03F5-4076-B8DE-7DF28FA93332}.Release|Any CPU.Build.0 = Release|Any CPU
		{E5A903CF-9CD2-462B-8858-DD9A1ADACFF8}.Debug|Any CPU.ActiveCfg = Debug|Any CPU
		{E5A903CF-9CD2-462B-8858-DD9A1ADACFF8}.Debug|Any CPU.Build.0 = Debug|Any CPU
		{E5A903CF-9CD2-462B-8858-DD9A1ADACFF8}.Release|Any CPU.ActiveCfg = Release|Any CPU
		{E5A903CF-9CD2-462B-8858-DD9A1ADACFF8}.Release|Any CPU.Build.0 = Release|Any CPU
		{F69BD0A4-492F-46A3-9E5A-4586FB6FBF3C}.Debug|Any CPU.ActiveCfg = Debug|Any CPU
		{F69BD0A4-492F-46A3-9E5A-4586FB6FBF3C}.Debug|Any CPU.Build.0 = Debug|Any CPU
		{F69BD0A4-492F-46A3-9E5A-4586FB6FBF3C}.Release|Any CPU.ActiveCfg = Release|Any CPU
		{F69BD0A4-492F-46A3-9E5A-4586FB6FBF3C}.Release|Any CPU.Build.0 = Release|Any CPU
		{AD04FFCB-E812-429E-823C-53B74270AD28}.Debug|Any CPU.ActiveCfg = Debug|Any CPU
		{AD04FFCB-E812-429E-823C-53B74270AD28}.Debug|Any CPU.Build.0 = Debug|Any CPU
		{AD04FFCB-E812-429E-823C-53B74270AD28}.Release|Any CPU.ActiveCfg = Release|Any CPU
		{AD04FFCB-E812-429E-823C-53B74270AD28}.Release|Any CPU.Build.0 = Release|Any CPU
		{314DEC0D-7185-4DEF-87F7-5FF44F4E6203}.Debug|Any CPU.ActiveCfg = Debug|Any CPU
		{314DEC0D-7185-4DEF-87F7-5FF44F4E6203}.Debug|Any CPU.Build.0 = Debug|Any CPU
		{314DEC0D-7185-4DEF-87F7-5FF44F4E6203}.Release|Any CPU.ActiveCfg = Release|Any CPU
		{314DEC0D-7185-4DEF-87F7-5FF44F4E6203}.Release|Any CPU.Build.0 = Release|Any CPU
		{392395AB-D562-45B8-8E25-398953B69F1D}.Debug|Any CPU.ActiveCfg = Debug|Any CPU
		{392395AB-D562-45B8-8E25-398953B69F1D}.Debug|Any CPU.Build.0 = Debug|Any CPU
		{392395AB-D562-45B8-8E25-398953B69F1D}.Release|Any CPU.ActiveCfg = Release|Any CPU
		{392395AB-D562-45B8-8E25-398953B69F1D}.Release|Any CPU.Build.0 = Release|Any CPU
		{60D9BE3F-71FE-430A-BA3D-9F69D533D77C}.Debug|Any CPU.ActiveCfg = Debug|Any CPU
		{60D9BE3F-71FE-430A-BA3D-9F69D533D77C}.Debug|Any CPU.Build.0 = Debug|Any CPU
		{60D9BE3F-71FE-430A-BA3D-9F69D533D77C}.Release|Any CPU.ActiveCfg = Release|Any CPU
		{60D9BE3F-71FE-430A-BA3D-9F69D533D77C}.Release|Any CPU.Build.0 = Release|Any CPU
		{5658D2EF-872F-4428-BAE6-2CC7FC787B92}.Debug|Any CPU.ActiveCfg = Debug|Any CPU
		{5658D2EF-872F-4428-BAE6-2CC7FC787B92}.Debug|Any CPU.Build.0 = Debug|Any CPU
		{5658D2EF-872F-4428-BAE6-2CC7FC787B92}.Release|Any CPU.ActiveCfg = Release|Any CPU
		{5658D2EF-872F-4428-BAE6-2CC7FC787B92}.Release|Any CPU.Build.0 = Release|Any CPU
		{FC4E69F8-F36D-4BAE-9D71-00D3295CE512}.Debug|Any CPU.ActiveCfg = Debug|Any CPU
		{FC4E69F8-F36D-4BAE-9D71-00D3295CE512}.Debug|Any CPU.Build.0 = Debug|Any CPU
		{FC4E69F8-F36D-4BAE-9D71-00D3295CE512}.Release|Any CPU.ActiveCfg = Release|Any CPU
		{FC4E69F8-F36D-4BAE-9D71-00D3295CE512}.Release|Any CPU.Build.0 = Release|Any CPU
		{DBBEABCF-9575-491E-B44F-ADA9B187488E}.Debug|Any CPU.ActiveCfg = Debug|Any CPU
		{DBBEABCF-9575-491E-B44F-ADA9B187488E}.Debug|Any CPU.Build.0 = Debug|Any CPU
		{DBBEABCF-9575-491E-B44F-ADA9B187488E}.Release|Any CPU.ActiveCfg = Release|Any CPU
		{DBBEABCF-9575-491E-B44F-ADA9B187488E}.Release|Any CPU.Build.0 = Release|Any CPU
		{83A79D46-D119-409B-9E62-15C6EE71575D}.Debug|Any CPU.ActiveCfg = Debug|Any CPU
		{83A79D46-D119-409B-9E62-15C6EE71575D}.Debug|Any CPU.Build.0 = Debug|Any CPU
		{83A79D46-D119-409B-9E62-15C6EE71575D}.Release|Any CPU.ActiveCfg = Release|Any CPU
		{83A79D46-D119-409B-9E62-15C6EE71575D}.Release|Any CPU.Build.0 = Release|Any CPU
		{9EFC0E98-DC7B-4802-AE35-E2C2CBABC001}.Debug|Any CPU.ActiveCfg = Debug|Any CPU
		{9EFC0E98-DC7B-4802-AE35-E2C2CBABC001}.Debug|Any CPU.Build.0 = Debug|Any CPU
		{9EFC0E98-DC7B-4802-AE35-E2C2CBABC001}.Release|Any CPU.ActiveCfg = Release|Any CPU
		{9EFC0E98-DC7B-4802-AE35-E2C2CBABC001}.Release|Any CPU.Build.0 = Release|Any CPU
		{C60E8C1E-7386-4048-8D91-CC1423E5B46A}.Debug|Any CPU.ActiveCfg = Debug|Any CPU
		{C60E8C1E-7386-4048-8D91-CC1423E5B46A}.Debug|Any CPU.Build.0 = Debug|Any CPU
		{C60E8C1E-7386-4048-8D91-CC1423E5B46A}.Release|Any CPU.ActiveCfg = Release|Any CPU
		{C60E8C1E-7386-4048-8D91-CC1423E5B46A}.Release|Any CPU.Build.0 = Release|Any CPU
		{5D58A875-2F39-4D1D-A43A-48AACF337F01}.Debug|Any CPU.ActiveCfg = Debug|Any CPU
		{5D58A875-2F39-4D1D-A43A-48AACF337F01}.Debug|Any CPU.Build.0 = Debug|Any CPU
		{5D58A875-2F39-4D1D-A43A-48AACF337F01}.Release|Any CPU.ActiveCfg = Release|Any CPU
		{5D58A875-2F39-4D1D-A43A-48AACF337F01}.Release|Any CPU.Build.0 = Release|Any CPU
	EndGlobalSection
	GlobalSection(SolutionProperties) = preSolution
		HideSolutionNode = FALSE
	EndGlobalSection
	GlobalSection(NestedProjects) = preSolution
		{B38DAC75-14E6-4DE9-B602-CC6AE475B8A3} = {FFD624E7-61D1-42DF-8AAA-BDCB5369615E}
		{1D1B9C0A-732C-4957-B6AB-6BE62EA5AA52} = {FFD624E7-61D1-42DF-8AAA-BDCB5369615E}
		{751009E6-9C61-4835-8A89-5F134588126B} = {1D1B9C0A-732C-4957-B6AB-6BE62EA5AA52}
		{2C8E0763-4B2C-4F3C-AAD9-7656AA3DF72D} = {1D1B9C0A-732C-4957-B6AB-6BE62EA5AA52}
		{64CAB7CF-6A7A-43CD-8436-274D85CE1217} = {1D1B9C0A-732C-4957-B6AB-6BE62EA5AA52}
		{31B8B63E-DFF8-40AF-A813-B72A40940246} = {FFD624E7-61D1-42DF-8AAA-BDCB5369615E}
		{BA6F61F3-03F5-4076-B8DE-7DF28FA93332} = {31B8B63E-DFF8-40AF-A813-B72A40940246}
		{E5A903CF-9CD2-462B-8858-DD9A1ADACFF8} = {31B8B63E-DFF8-40AF-A813-B72A40940246}
		{F69BD0A4-492F-46A3-9E5A-4586FB6FBF3C} = {31B8B63E-DFF8-40AF-A813-B72A40940246}
		{CDD51469-A1AB-4190-805F-EF9DCE365F8D} = {FFD624E7-61D1-42DF-8AAA-BDCB5369615E}
		{AD04FFCB-E812-429E-823C-53B74270AD28} = {CDD51469-A1AB-4190-805F-EF9DCE365F8D}
		{314DEC0D-7185-4DEF-87F7-5FF44F4E6203} = {FFD624E7-61D1-42DF-8AAA-BDCB5369615E}
		{392395AB-D562-45B8-8E25-398953B69F1D} = {17D9E953-3608-4303-A5AF-407830FCB1FB}
		{60D9BE3F-71FE-430A-BA3D-9F69D533D77C} = {17D9E953-3608-4303-A5AF-407830FCB1FB}
		{5658D2EF-872F-4428-BAE6-2CC7FC787B92} = {17D9E953-3608-4303-A5AF-407830FCB1FB}
		{FC4E69F8-F36D-4BAE-9D71-00D3295CE512} = {CDD51469-A1AB-4190-805F-EF9DCE365F8D}
		{DBBEABCF-9575-491E-B44F-ADA9B187488E} = {CDD51469-A1AB-4190-805F-EF9DCE365F8D}
		{A22A8190-18F7-4E62-B118-5CDC3AD477D5} = {FFD624E7-61D1-42DF-8AAA-BDCB5369615E}
		{83A79D46-D119-409B-9E62-15C6EE71575D} = {A22A8190-18F7-4E62-B118-5CDC3AD477D5}
		{9EFC0E98-DC7B-4802-AE35-E2C2CBABC001} = {A22A8190-18F7-4E62-B118-5CDC3AD477D5}
		{C60E8C1E-7386-4048-8D91-CC1423E5B46A} = {A22A8190-18F7-4E62-B118-5CDC3AD477D5}
		{5D58A875-2F39-4D1D-A43A-48AACF337F01} = {A22A8190-18F7-4E62-B118-5CDC3AD477D5}
	EndGlobalSection
	GlobalSection(ExtensibilityGlobals) = postSolution
		SolutionGuid = {7EC48625-8EF5-4E13-8A0E-A3C0C22AE9A3}
	EndGlobalSection
EndGlobal
